Microsoft Visual Studio Solution File, Format Version 12.00
# Visual Studio Version 17
VisualStudioVersion = 17.12.35707.178
MinimumVisualStudioVersion = 10.0.40219.1
Project("{FAE04EC0-301F-11D3-BF4B-00C04F79EFBC}") = "AiModelOrchestration", "AiModelOrchestration\AiModelOrchestration.csproj", "{8BC232FC-D2DD-45E5-A5D2-6BB95428CD7D}"
EndProject
Project("{FAE04EC0-301F-11D3-BF4B-00C04F79EFBC}") = "AiModelOrchestration.ServiceDefaults", "AiModelOrchestration.ServiceDefaults\AiModelOrchestration.ServiceDefaults.csproj", "{DC15E9EA-0E1F-49C5-9E6E-63F3F24391CF}"
EndProject
Project("{FAE04EC0-301F-11D3-BF4B-00C04F79EFBC}") = "AiModelOrchestrationSolution.Web", "AiModelOrchestrationSolution.Web\AiModelOrchestrationSolution.Web.csproj", "{C82A364D-1558-414E-9EBB-409A43577602}"
EndProject
Global
	GlobalSection(SolutionConfigurationPlatforms) = preSolution
		Debug|Any CPU = Debug|Any CPU
		Release|Any CPU = Release|Any CPU
	EndGlobalSection
	GlobalSection(ProjectConfigurationPlatforms) = postSolution
		{8BC232FC-D2DD-45E5-A5D2-6BB95428CD7D}.Debug|Any CPU.ActiveCfg = Debug|Any CPU
		{8BC232FC-D2DD-45E5-A5D2-6BB95428CD7D}.Debug|Any CPU.Build.0 = Debug|Any CPU
		{8BC232FC-D2DD-45E5-A5D2-6BB95428CD7D}.Release|Any CPU.ActiveCfg = Release|Any CPU
		{8BC232FC-D2DD-45E5-A5D2-6BB95428CD7D}.Release|Any CPU.Build.0 = Release|Any CPU
		{DC15E9EA-0E1F-49C5-9E6E-63F3F24391CF}.Debug|Any CPU.ActiveCfg = Debug|Any CPU
		{DC15E9EA-0E1F-49C5-9E6E-63F3F24391CF}.Debug|Any CPU.Build.0 = Debug|Any CPU
		{DC15E9EA-0E1F-49C5-9E6E-63F3F24391CF}.Release|Any CPU.ActiveCfg = Release|Any CPU
		{DC15E9EA-0E1F-49C5-9E6E-63F3F24391CF}.Release|Any CPU.Build.0 = Release|Any CPU
		{C82A364D-1558-414E-9EBB-409A43577602}.Debug|Any CPU.ActiveCfg = Debug|Any CPU
		{C82A364D-1558-414E-9EBB-409A43577602}.Debug|Any CPU.Build.0 = Debug|Any CPU
		{C82A364D-1558-414E-9EBB-409A43577602}.Release|Any CPU.ActiveCfg = Release|Any CPU
		{C82A364D-1558-414E-9EBB-409A43577602}.Release|Any CPU.Build.0 = Release|Any CPU
	EndGlobalSection
	GlobalSection(SolutionProperties) = preSolution
		HideSolutionNode = FALSE
	EndGlobalSection
EndGlobal
